
Microsoft Visual Studio Solution File, Format Version 12.00
# Visual Studio Version 16
VisualStudioVersion = 16.0.30907.101
MinimumVisualStudioVersion = 10.0.40219.1
Project("{9A19103F-16F7-4668-BE54-9A1E7A4F7556}") = "JsonResume", "Resume\JsonResume.csproj", "{6B422443-CAE4-4BF1-8534-26C10F028637}"
EndProject
Project("{9A19103F-16F7-4668-BE54-9A1E7A4F7556}") = "JsonResume.Tests", "Resume.Tests\JsonResume.Tests.csproj", "{5A3559BA-0BE8-4838-8C0F-893CCA88F718}"
EndProject
Global
	GlobalSection(SolutionConfigurationPlatforms) = preSolution
		Debug|Any CPU = Debug|Any CPU
		Release|Any CPU = Release|Any CPU
	EndGlobalSection
	GlobalSection(ProjectConfigurationPlatforms) = postSolution
		{6B422443-CAE4-4BF1-8534-26C10F028637}.Debug|Any CPU.ActiveCfg = Debug|Any CPU
		{6B422443-CAE4-4BF1-8534-26C10F028637}.Debug|Any CPU.Build.0 = Debug|Any CPU
		{6B422443-CAE4-4BF1-8534-26C10F028637}.Release|Any CPU.ActiveCfg = Release|Any CPU
		{6B422443-CAE4-4BF1-8534-26C10F028637}.Release|Any CPU.Build.0 = Release|Any CPU
		{5A3559BA-0BE8-4838-8C0F-893CCA88F718}.Debug|Any CPU.ActiveCfg = Debug|Any CPU
		{5A3559BA-0BE8-4838-8C0F-893CCA88F718}.Debug|Any CPU.Build.0 = Debug|Any CPU
		{5A3559BA-0BE8-4838-8C0F-893CCA88F718}.Release|Any CPU.ActiveCfg = Release|Any CPU
		{5A3559BA-0BE8-4838-8C0F-893CCA88F718}.Release|Any CPU.Build.0 = Release|Any CPU
	EndGlobalSection
	GlobalSection(SolutionProperties) = preSolution
		HideSolutionNode = FALSE
	EndGlobalSection
	GlobalSection(ExtensibilityGlobals) = postSolution
		SolutionGuid = {5B997095-4684-4DC6-ABC8-1CF6565D616C}
	EndGlobalSection
EndGlobal
